// !$*UTF8*$!
{
	archiveVersion = 1;
	classes = {
	};
	objectVersion = 46;
	objects = {

/* Begin PBXBuildFile section */
		F321E7101EB9CA5400E5DA01 /* AppDelegate.swift in Sources */ = {isa = PBXBuildFile; fileRef = F321E70F1EB9CA5400E5DA01 /* AppDelegate.swift */; };
		F321E7121EB9CA5400E5DA01 /* FaceViewController.swift in Sources */ = {isa = PBXBuildFile; fileRef = F321E7111EB9CA5400E5DA01 /* FaceViewController.swift */; };
		F321E7151EB9CA5400E5DA01 /* Main.storyboard in Resources */ = {isa = PBXBuildFile; fileRef = F321E7131EB9CA5400E5DA01 /* Main.storyboard */; };
		F321E7171EB9CA5400E5DA01 /* Assets.xcassets in Resources */ = {isa = PBXBuildFile; fileRef = F321E7161EB9CA5400E5DA01 /* Assets.xcassets */; };
		F321E71A1EB9CA5400E5DA01 /* LaunchScreen.storyboard in Resources */ = {isa = PBXBuildFile; fileRef = F321E7181EB9CA5400E5DA01 /* LaunchScreen.storyboard */; };
		F321E7231EB9CB8E00E5DA01 /* FaceView.swift in Sources */ = {isa = PBXBuildFile; fileRef = F321E7221EB9CB8E00E5DA01 /* FaceView.swift */; };
		F321E7251EB9E2D300E5DA01 /* FacialExpression.swift in Sources */ = {isa = PBXBuildFile; fileRef = F321E7241EB9E2D300E5DA01 /* FacialExpression.swift */; };
		F321E7271EBB129500E5DA01 /* EmotionsViewController.swift in Sources */ = {isa = PBXBuildFile; fileRef = F321E7261EBB129500E5DA01 /* EmotionsViewController.swift */; };
		F321E74C1EBC245100E5DA01 /* VCLLoggingViewController.swift in Sources */ = {isa = PBXBuildFile; fileRef = F321E74B1EBC245100E5DA01 /* VCLLoggingViewController.swift */; };
/* End PBXBuildFile section */

/* Begin PBXFileReference section */
		F321E70C1EB9CA5400E5DA01 /* Facelt.app */ = {isa = PBXFileReference; explicitFileType = wrapper.application; includeInIndex = 0; path = Facelt.app; sourceTree = BUILT_PRODUCTS_DIR; };
		F321E70F1EB9CA5400E5DA01 /* AppDelegate.swift */ = {isa = PBXFileReference; lastKnownFileType = sourcecode.swift; path = AppDelegate.swift; sourceTree = "<group>"; };
		F321E7111EB9CA5400E5DA01 /* FaceViewController.swift */ = {isa = PBXFileReference; lastKnownFileType = sourcecode.swift; path = FaceViewController.swift; sourceTree = "<group>"; };
		F321E7141EB9CA5400E5DA01 /* Base */ = {isa = PBXFileReference; lastKnownFileType = file.storyboard; name = Base; path = Base.lproj/Main.storyboard; sourceTree = "<group>"; };
		F321E7161EB9CA5400E5DA01 /* Assets.xcassets */ = {isa = PBXFileReference; lastKnownFileType = folder.assetcatalog; path = Assets.xcassets; sourceTree = "<group>"; };
		F321E7191EB9CA5400E5DA01 /* Base */ = {isa = PBXFileReference; lastKnownFileType = file.storyboard; name = Base; path = Base.lproj/LaunchScreen.storyboard; sourceTree = "<group>"; };
		F321E71B1EB9CA5400E5DA01 /* Info.plist */ = {isa = PBXFileReference; lastKnownFileType = text.plist.xml; path = Info.plist; sourceTree = "<group>"; };
		F321E7221EB9CB8E00E5DA01 /* FaceView.swift */ = {isa = PBXFileReference; fileEncoding = 4; lastKnownFileType = sourcecode.swift; path = FaceView.swift; sourceTree = "<group>"; };
		F321E7241EB9E2D300E5DA01 /* FacialExpression.swift */ = {isa = PBXFileReference; fileEncoding = 4; lastKnownFileType = sourcecode.swift; path = FacialExpression.swift; sourceTree = "<group>"; };
		F321E7261EBB129500E5DA01 /* EmotionsViewController.swift */ = {isa = PBXFileReference; fileEncoding = 4; lastKnownFileType = sourcecode.swift; path = EmotionsViewController.swift; sourceTree = "<group>"; };
		F321E74B1EBC245100E5DA01 /* VCLLoggingViewController.swift */ = {isa = PBXFileReference; fileEncoding = 4; lastKnownFileType = sourcecode.swift; name = VCLLoggingViewController.swift; path = ../VCLLoggingViewController.swift; sourceTree = "<group>"; };
/* End PBXFileReference section */

/* Begin PBXFrameworksBuildPhase section */
		F321E7091EB9CA5400E5DA01 /* Frameworks */ = {
			isa = PBXFrameworksBuildPhase;
			buildActionMask = 2147483647;
			files = (
			);
			runOnlyForDeploymentPostprocessing = 0;
		};
/* End PBXFrameworksBuildPhase section */

/* Begin PBXGroup section */
		F321E7031EB9CA5400E5DA01 = {
			isa = PBXGroup;
			children = (
				F321E70E1EB9CA5400E5DA01 /* Facelt */,
				F321E70D1EB9CA5400E5DA01 /* Products */,
			);
			sourceTree = "<group>";
		};
		F321E70D1EB9CA5400E5DA01 /* Products */ = {
			isa = PBXGroup;
			children = (
				F321E70C1EB9CA5400E5DA01 /* Facelt.app */,
			);
			name = Products;
			sourceTree = "<group>";
		};
		F321E70E1EB9CA5400E5DA01 /* Facelt */ = {
			isa = PBXGroup;
			children = (
				F321E74B1EBC245100E5DA01 /* VCLLoggingViewController.swift */,
				F321E7261EBB129500E5DA01 /* EmotionsViewController.swift */,
				F321E7111EB9CA5400E5DA01 /* FaceViewController.swift */,
				F321E7241EB9E2D300E5DA01 /* FacialExpression.swift */,
				F321E7221EB9CB8E00E5DA01 /* FaceView.swift */,
				F321E7131EB9CA5400E5DA01 /* Main.storyboard */,
				F321E7211EB9CA9600E5DA01 /* Support FIles */,
			);
			path = Facelt;
			sourceTree = "<group>";
		};
		F321E7211EB9CA9600E5DA01 /* Support FIles */ = {
			isa = PBXGroup;
			children = (
				F321E70F1EB9CA5400E5DA01 /* AppDelegate.swift */,
				F321E7161EB9CA5400E5DA01 /* Assets.xcassets */,
				F321E7181EB9CA5400E5DA01 /* LaunchScreen.storyboard */,
				F321E71B1EB9CA5400E5DA01 /* Info.plist */,
			);
			name = "Support FIles";
			sourceTree = "<group>";
		};
/* End PBXGroup section */

/* Begin PBXNativeTarget section */
		F321E70B1EB9CA5400E5DA01 /* Facelt */ = {
			isa = PBXNativeTarget;
			buildConfigurationList = F321E71E1EB9CA5400E5DA01 /* Build configuration list for PBXNativeTarget "Facelt" */;
			buildPhases = (
				F321E7081EB9CA5400E5DA01 /* Sources */,
				F321E7091EB9CA5400E5DA01 /* Frameworks */,
				F321E70A1EB9CA5400E5DA01 /* Resources */,
			);
			buildRules = (
			);
			dependencies = (
			);
			name = Facelt;
			productName = Facelt;
			productReference = F321E70C1EB9CA5400E5DA01 /* Facelt.app */;
			productType = "com.apple.product-type.application";
		};
/* End PBXNativeTarget section */

/* Begin PBXProject section */
		F321E7041EB9CA5400E5DA01 /* Project object */ = {
			isa = PBXProject;
			attributes = {
				LastSwiftUpdateCheck = 0830;
				LastUpgradeCheck = 0830;
				ORGANIZATIONNAME = "Dylan Lang";
				TargetAttributes = {
					F321E70B1EB9CA5400E5DA01 = {
						CreatedOnToolsVersion = 8.3.1;
						ProvisioningStyle = Automatic;
					};
				};
			};
			buildConfigurationList = F321E7071EB9CA5400E5DA01 /* Build configuration list for PBXProject "Facelt" */;
			compatibilityVersion = "Xcode 3.2";
			developmentRegion = English;
			hasScannedForEncodings = 0;
			knownRegions = (
				en,
				Base,
			);
			mainGroup = F321E7031EB9CA5400E5DA01;
			productRefGroup = F321E70D1EB9CA5400E5DA01 /* Products */;
			projectDirPath = "";
			projectRoot = "";
			targets = (
				F321E70B1EB9CA5400E5DA01 /* Facelt */,
			);
		};
/* End PBXProject section */

/* Begin PBXResourcesBuildPhase section */
		F321E70A1EB9CA5400E5DA01 /* Resources */ = {
			isa = PBXResourcesBuildPhase;
			buildActionMask = 2147483647;
			files = (
				F321E71A1EB9CA5400E5DA01 /* LaunchScreen.storyboard in Resources */,
				F321E7171EB9CA5400E5DA01 /* Assets.xcassets in Resources */,
				F321E7151EB9CA5400E5DA01 /* Main.storyboard in Resources */,
			);
			runOnlyForDeploymentPostprocessing = 0;
		};
/* End PBXResourcesBuildPhase section */

/* Begin PBXSourcesBuildPhase section */
		F321E7081EB9CA5400E5DA01 /* Sources */ = {
			isa = PBXSourcesBuildPhase;
			buildActionMask = 2147483647;
			files = (
				F321E74C1EBC245100E5DA01 /* VCLLoggingViewController.swift in Sources */,
				F321E7121EB9CA5400E5DA01 /* FaceViewController.swift in Sources */,
				F321E7251EB9E2D300E5DA01 /* FacialExpression.swift in Sources */,
				F321E7271EBB129500E5DA01 /* EmotionsViewController.swift in Sources */,
				F321E7101EB9CA5400E5DA01 /* AppDelegate.swift in Sources */,
				F321E7231EB9CB8E00E5DA01 /* FaceView.swift in Sources */,
			);
			runOnlyForDeploymentPostprocessing = 0;
		};
/* End PBXSourcesBuildPhase section */

/* Begin PBXVariantGroup section */
		F321E7131EB9CA5400E5DA01 /* Main.storyboard */ = {
			isa = PBXVariantGroup;
			children = (
				F321E7141EB9CA5400E5DA01 /* Base */,
			);
			name = Main.storyboard;
			sourceTree = "<group>";
		};
		F321E7181EB9CA5400E5DA01 /* LaunchScreen.storyboard */ = {
			isa = PBXVariantGroup;
			children = (
				F321E7191EB9CA5400E5DA01 /* Base */,
			);
			name = LaunchScreen.storyboard;
			sourceTree = "<group>";
		};
/* End PBXVariantGroup section */

/* Begin XCBuildConfiguration section */
		F321E71C1EB9CA5400E5DA01 /* Debug */ = {
			isa = XCBuildConfiguration;
			buildSettings = {
				ALWAYS_SEARCH_USER_PATHS = NO;
				CLANG_ANALYZER_NONNULL = YES;
				CLANG_ANALYZER_NUMBER_OBJECT_CONVERSION = YES_AGGRESSIVE;
				CLANG_CXX_LANGUAGE_STANDARD = "gnu++0x";
				CLANG_CXX_LIBRARY = "libc++";
				CLANG_ENABLE_MODULES = YES;
				CLANG_ENABLE_OBJC_ARC = YES;
				CLANG_WARN_BOOL_CONVERSION = YES;
				CLANG_WARN_CONSTANT_CONVERSION = YES;
				CLANG_WARN_DIRECT_OBJC_ISA_USAGE = YES_ERROR;
				CLANG_WARN_DOCUMENTATION_COMMENTS = YES;
				CLANG_WARN_EMPTY_BODY = YES;
				CLANG_WARN_ENUM_CONVERSION = YES;
				CLANG_WARN_INFINITE_RECURSION = YES;
				CLANG_WARN_INT_CONVERSION = YES;
				CLANG_WARN_OBJC_ROOT_CLASS = YES_ERROR;
				CLANG_WARN_SUSPICIOUS_MOVE = YES;
				CLANG_WARN_UNREACHABLE_CODE = YES;
				CLANG_WARN__DUPLICATE_METHOD_MATCH = YES;
				"CODE_SIGN_IDENTITY[sdk=iphoneos*]" = "iPhone Developer";
				COPY_PHASE_STRIP = NO;
				DEBUG_INFORMATION_FORMAT = dwarf;
				ENABLE_STRICT_OBJC_MSGSEND = YES;
				ENABLE_TESTABILITY = YES;
				GCC_C_LANGUAGE_STANDARD = gnu99;
				GCC_DYNAMIC_NO_PIC = NO;
				GCC_NO_COMMON_BLOCKS = YES;
				GCC_OPTIMIZATION_LEVEL = 0;
				GCC_PREPROCESSOR_DEFINITIONS = (
					"DEBUG=1",
					"$(inherited)",
				);
				GCC_WARN_64_TO_32_BIT_CONVERSION = YES;
				GCC_WARN_ABOUT_RETURN_TYPE = YES_ERROR;
				GCC_WARN_UNDECLARED_SELECTOR = YES;
				GCC_WARN_UNINITIALIZED_AUTOS = YES_AGGRESSIVE;
				GCC_WARN_UNUSED_FUNCTION = YES;
				GCC_WARN_UNUSED_VARIABLE = YES;
				IPHONEOS_DEPLOYMENT_TARGET = 10.3;
				MTL_ENABLE_DEBUG_INFO = YES;
				ONLY_ACTIVE_ARCH = YES;
				SDKROOT = iphoneos;
				SWIFT_ACTIVE_COMPILATION_CONDITIONS = DEBUG;
				SWIFT_OPTIMIZATION_LEVEL = "-Onone";
				TARGETED_DEVICE_FAMILY = "1,2";
			};
			name = Debug;
		};
		F321E71D1EB9CA5400E5DA01 /* Release */ = {
			isa = XCBuildConfiguration;
			buildSettings = {
				ALWAYS_SEARCH_USER_PATHS = NO;
				CLANG_ANALYZER_NONNULL = YES;
				CLANG_ANALYZER_NUMBER_OBJECT_CONVERSION = YES_AGGRESSIVE;
				CLANG_CXX_LANGUAGE_STANDARD = "gnu++0x";
				CLANG_CXX_LIBRARY = "libc++";
				CLANG_ENABLE_MODULES = YES;
				CLANG_ENABLE_OBJC_ARC = YES;
				CLANG_WARN_BOOL_CONVERSION = YES;
				CLANG_WARN_CONSTANT_CONVERSION = YES;
				CLANG_WARN_DIRECT_OBJC_ISA_USAGE = YES_ERROR;
				CLANG_WARN_DOCUMENTATION_COMMENTS = YES;
				CLANG_WARN_EMPTY_BODY = YES;
				CLANG_WARN_ENUM_CONVERSION = YES;
				CLANG_WARN_INFINITE_RECURSION = YES;
				CLANG_WARN_INT_CONVERSION = YES;
				CLANG_WARN_OBJC_ROOT_CLASS = YES_ERROR;
				CLANG_WARN_SUSPICIOUS_MOVE = YES;
				CLANG_WARN_UNREACHABLE_CODE = YES;
				CLANG_WARN__DUPLICATE_METHOD_MATCH = YES;
				"CODE_SIGN_IDENTITY[sdk=iphoneos*]" = "iPhone Developer";
				COPY_PHASE_STRIP = NO;
				DEBUG_INFORMATION_FORMAT = "dwarf-with-dsym";
				ENABLE_NS_ASSERTIONS = NO;
				ENABLE_STRICT_OBJC_MSGSEND = YES;
				GCC_C_LANGUAGE_STANDARD = gnu99;
				GCC_NO_COMMON_BLOCKS = YES;
				GCC_WARN_64_TO_32_BIT_CONVERSION = YES;
				GCC_WARN_ABOUT_RETURN_TYPE = YES_ERROR;
				GCC_WARN_UNDECLARED_SELECTOR = YES;
				GCC_WARN_UNINITIALIZED_AUTOS = YES_AGGRESSIVE;
				GCC_WARN_UNUSED_FUNCTION = YES;
				GCC_WARN_UNUSED_VARIABLE = YES;
				IPHONEOS_DEPLOYMENT_TARGET = 10.3;
				MTL_ENABLE_DEBUG_INFO = NO;
				SDKROOT = iphoneos;
				SWIFT_OPTIMIZATION_LEVEL = "-Owholemodule";
				TARGETED_DEVICE_FAMILY = "1,2";
				VALIDATE_PRODUCT = YES;
			};
			name = Release;
		};
		F321E71F1EB9CA5400E5DA01 /* Debug */ = {
			isa = XCBuildConfiguration;
			buildSettings = {
				ASSETCATALOG_COMPILER_APPICON_NAME = AppIcon;
				INFOPLIST_FILE = Facelt/Info.plist;
				LD_RUNPATH_SEARCH_PATHS = "$(inherited) @executable_path/Frameworks";
				PRODUCT_BUNDLE_IDENTIFIER = com.dyanglang.Facelt;
				PRODUCT_NAME = "$(TARGET_NAME)";
				SWIFT_VERSION = 3.0;
			};
			name = Debug;
		};
		F321E7201EB9CA5400E5DA01 /* Release */ = {
			isa = XCBuildConfiguration;
			buildSettings = {
				ASSETCATALOG_COMPILER_APPICON_NAME = AppIcon;
				INFOPLIST_FILE = Facelt/Info.plist;
				LD_RUNPATH_SEARCH_PATHS = "$(inherited) @executable_path/Frameworks";
				PRODUCT_BUNDLE_IDENTIFIER = com.dyanglang.Facelt;
				PRODUCT_NAME = "$(TARGET_NAME)";
				SWIFT_VERSION = 3.0;
			};
			name = Release;
		};
/* End XCBuildConfiguration section */

/* Begin XCConfigurationList section */
		F321E7071EB9CA5400E5DA01 /* Build configuration list for PBXProject "Facelt" */ = {
			isa = XCConfigurationList;
			buildConfigurations = (
				F321E71C1EB9CA5400E5DA01 /* Debug */,
				F321E71D1EB9CA5400E5DA01 /* Release */,
			);
			defaultConfigurationIsVisible = 0;
			defaultConfigurationName = Release;
		};
		F321E71E1EB9CA5400E5DA01 /* Build configuration list for PBXNativeTarget "Facelt" */ = {
			isa = XCConfigurationList;
			buildConfigurations = (
				F321E71F1EB9CA5400E5DA01 /* Debug */,
				F321E7201EB9CA5400E5DA01 /* Release */,
			);
			defaultConfigurationIsVisible = 0;
		};
/* End XCConfigurationList section */
	};
	rootObject = F321E7041EB9CA5400E5DA01 /* Project object */;
}
